// !$*UTF8*$!
{
	archiveVersion = 1;
	classes = {
	};
	objectVersion = 50;
	objects = {

/* Begin PBXBuildFile section */
		B931A93A21226E230024DF6B /* ConfirmUseViewController.swift in Sources */ = {isa = PBXBuildFile; fileRef = B931A93921226E230024DF6B /* ConfirmUseViewController.swift */; };
		B94C498C212271000018DFC6 /* PumpingViewController.swift in Sources */ = {isa = PBXBuildFile; fileRef = B94C498B212271000018DFC6 /* PumpingViewController.swift */; };
		B94C498E212279DD0018DFC6 /* VerifyPurchaseViewController.swift in Sources */ = {isa = PBXBuildFile; fileRef = B94C498D212279DD0018DFC6 /* VerifyPurchaseViewController.swift */; };
		B99FE97D211CF5970035780D /* AppDelegate.swift in Sources */ = {isa = PBXBuildFile; fileRef = B99FE97C211CF5970035780D /* AppDelegate.swift */; };
		B99FE97F211CF5970035780D /* LockedinStationViewController.swift in Sources */ = {isa = PBXBuildFile; fileRef = B99FE97E211CF5970035780D /* LockedinStationViewController.swift */; };
		B99FE982211CF5970035780D /* Main.storyboard in Resources */ = {isa = PBXBuildFile; fileRef = B99FE980211CF5970035780D /* Main.storyboard */; };
		B99FE984211CF5970035780D /* Assets.xcassets in Resources */ = {isa = PBXBuildFile; fileRef = B99FE983211CF5970035780D /* Assets.xcassets */; };
		B99FE987211CF5970035780D /* LaunchScreen.storyboard in Resources */ = {isa = PBXBuildFile; fileRef = B99FE985211CF5970035780D /* LaunchScreen.storyboard */; };
		B99FE992211CF5980035780D /* HedgehogTests.swift in Sources */ = {isa = PBXBuildFile; fileRef = B99FE991211CF5980035780D /* HedgehogTests.swift */; };
		B99FE99D211CF5980035780D /* HedgehogUITests.swift in Sources */ = {isa = PBXBuildFile; fileRef = B99FE99C211CF5980035780D /* HedgehogUITests.swift */; };
/* End PBXBuildFile section */

/* Begin PBXContainerItemProxy section */
		B99FE98E211CF5980035780D /* PBXContainerItemProxy */ = {
			isa = PBXContainerItemProxy;
			containerPortal = B99FE971211CF5970035780D /* Project object */;
			proxyType = 1;
			remoteGlobalIDString = B99FE978211CF5970035780D;
			remoteInfo = Hedgehog;
		};
		B99FE999211CF5980035780D /* PBXContainerItemProxy */ = {
			isa = PBXContainerItemProxy;
			containerPortal = B99FE971211CF5970035780D /* Project object */;
			proxyType = 1;
			remoteGlobalIDString = B99FE978211CF5970035780D;
			remoteInfo = Hedgehog;
		};
/* End PBXContainerItemProxy section */

/* Begin PBXFileReference section */
		B931A93921226E230024DF6B /* ConfirmUseViewController.swift */ = {isa = PBXFileReference; lastKnownFileType = sourcecode.swift; name = ConfirmUseViewController.swift; path = Hedgehog/ViewControllers/ConfirmUseViewController.swift; sourceTree = SOURCE_ROOT; };
		B94C498B212271000018DFC6 /* PumpingViewController.swift */ = {isa = PBXFileReference; lastKnownFileType = sourcecode.swift; name = PumpingViewController.swift; path = Hedgehog/ViewControllers/PumpingViewController.swift; sourceTree = SOURCE_ROOT; };
		B94C498D212279DD0018DFC6 /* VerifyPurchaseViewController.swift */ = {isa = PBXFileReference; lastKnownFileType = sourcecode.swift; path = VerifyPurchaseViewController.swift; sourceTree = "<group>"; };
		B99FE979211CF5970035780D /* Hedgehog.app */ = {isa = PBXFileReference; explicitFileType = wrapper.application; includeInIndex = 0; path = Hedgehog.app; sourceTree = BUILT_PRODUCTS_DIR; };
		B99FE97C211CF5970035780D /* AppDelegate.swift */ = {isa = PBXFileReference; lastKnownFileType = sourcecode.swift; path = AppDelegate.swift; sourceTree = "<group>"; };
		B99FE97E211CF5970035780D /* LockedinStationViewController.swift */ = {isa = PBXFileReference; lastKnownFileType = sourcecode.swift; path = LockedinStationViewController.swift; sourceTree = "<group>"; };
		B99FE981211CF5970035780D /* Base */ = {isa = PBXFileReference; lastKnownFileType = file.storyboard; name = Base; path = Base.lproj/Main.storyboard; sourceTree = "<group>"; };
		B99FE983211CF5970035780D /* Assets.xcassets */ = {isa = PBXFileReference; lastKnownFileType = folder.assetcatalog; path = Assets.xcassets; sourceTree = "<group>"; };
		B99FE986211CF5970035780D /* Base */ = {isa = PBXFileReference; lastKnownFileType = file.storyboard; name = Base; path = Base.lproj/LaunchScreen.storyboard; sourceTree = "<group>"; };
		B99FE988211CF5980035780D /* Info.plist */ = {isa = PBXFileReference; lastKnownFileType = text.plist.xml; path = Info.plist; sourceTree = "<group>"; };
		B99FE98D211CF5980035780D /* HedgehogTests.xctest */ = {isa = PBXFileReference; explicitFileType = wrapper.cfbundle; includeInIndex = 0; path = HedgehogTests.xctest; sourceTree = BUILT_PRODUCTS_DIR; };
		B99FE991211CF5980035780D /* HedgehogTests.swift */ = {isa = PBXFileReference; lastKnownFileType = sourcecode.swift; path = HedgehogTests.swift; sourceTree = "<group>"; };
		B99FE993211CF5980035780D /* Info.plist */ = {isa = PBXFileReference; lastKnownFileType = text.plist.xml; path = Info.plist; sourceTree = "<group>"; };
		B99FE998211CF5980035780D /* HedgehogUITests.xctest */ = {isa = PBXFileReference; explicitFileType = wrapper.cfbundle; includeInIndex = 0; path = HedgehogUITests.xctest; sourceTree = BUILT_PRODUCTS_DIR; };
		B99FE99C211CF5980035780D /* HedgehogUITests.swift */ = {isa = PBXFileReference; lastKnownFileType = sourcecode.swift; path = HedgehogUITests.swift; sourceTree = "<group>"; };
		B99FE99E211CF5980035780D /* Info.plist */ = {isa = PBXFileReference; lastKnownFileType = text.plist.xml; path = Info.plist; sourceTree = "<group>"; };
/* End PBXFileReference section */

/* Begin PBXFrameworksBuildPhase section */
		B99FE976211CF5970035780D /* Frameworks */ = {
			isa = PBXFrameworksBuildPhase;
			buildActionMask = 2147483647;
			files = (
			);
			runOnlyForDeploymentPostprocessing = 0;
		};
		B99FE98A211CF5980035780D /* Frameworks */ = {
			isa = PBXFrameworksBuildPhase;
			buildActionMask = 2147483647;
			files = (
			);
			runOnlyForDeploymentPostprocessing = 0;
		};
		B99FE995211CF5980035780D /* Frameworks */ = {
			isa = PBXFrameworksBuildPhase;
			buildActionMask = 2147483647;
			files = (
			);
			runOnlyForDeploymentPostprocessing = 0;
		};
/* End PBXFrameworksBuildPhase section */

/* Begin PBXGroup section */
		B99FE970211CF5970035780D = {
			isa = PBXGroup;
			children = (
				B99FE97B211CF5970035780D /* Hedgehog */,
				B99FE990211CF5980035780D /* HedgehogTests */,
				B99FE99B211CF5980035780D /* HedgehogUITests */,
				B99FE97A211CF5970035780D /* Products */,
			);
			sourceTree = "<group>";
		};
		B99FE97A211CF5970035780D /* Products */ = {
			isa = PBXGroup;
			children = (
				B99FE979211CF5970035780D /* Hedgehog.app */,
				B99FE98D211CF5980035780D /* HedgehogTests.xctest */,
				B99FE998211CF5980035780D /* HedgehogUITests.xctest */,
			);
			name = Products;
			sourceTree = "<group>";
		};
		B99FE97B211CF5970035780D /* Hedgehog */ = {
			isa = PBXGroup;
			children = (
				B99FE988211CF5980035780D /* Info.plist */,
				B99FE9AC211CFB910035780D /* Resources */,
				B99FE9AB211CFB8C0035780D /* Models */,
				B99FE9AA211CFB810035780D /* ViewControllers */,
			);
			path = Hedgehog;
			sourceTree = "<group>";
		};
		B99FE990211CF5980035780D /* HedgehogTests */ = {
			isa = PBXGroup;
			children = (
				B99FE991211CF5980035780D /* HedgehogTests.swift */,
				B99FE993211CF5980035780D /* Info.plist */,
			);
			path = HedgehogTests;
			sourceTree = "<group>";
		};
		B99FE99B211CF5980035780D /* HedgehogUITests */ = {
			isa = PBXGroup;
			children = (
				B99FE99C211CF5980035780D /* HedgehogUITests.swift */,
				B99FE99E211CF5980035780D /* Info.plist */,
			);
			path = HedgehogUITests;
			sourceTree = "<group>";
		};
		B99FE9AA211CFB810035780D /* ViewControllers */ = {
			isa = PBXGroup;
			children = (
				B94C498B212271000018DFC6 /* PumpingViewController.swift */,
				B931A93921226E230024DF6B /* ConfirmUseViewController.swift */,
				B99FE97C211CF5970035780D /* AppDelegate.swift */,
				B99FE97E211CF5970035780D /* LockedinStationViewController.swift */,
				B94C498D212279DD0018DFC6 /* VerifyPurchaseViewController.swift */,
			);
			path = ViewControllers;
			sourceTree = "<group>";
		};
		B99FE9AB211CFB8C0035780D /* Models */ = {
			isa = PBXGroup;
			children = (
			);
			path = Models;
			sourceTree = "<group>";
		};
		B99FE9AC211CFB910035780D /* Resources */ = {
			isa = PBXGroup;
			children = (
				B99FE983211CF5970035780D /* Assets.xcassets */,
				B99FE980211CF5970035780D /* Main.storyboard */,
				B99FE985211CF5970035780D /* LaunchScreen.storyboard */,
			);
			path = Resources;
			sourceTree = "<group>";
		};
/* End PBXGroup section */

/* Begin PBXNativeTarget section */
		B99FE978211CF5970035780D /* Hedgehog */ = {
			isa = PBXNativeTarget;
			buildConfigurationList = B99FE9A1211CF5980035780D /* Build configuration list for PBXNativeTarget "Hedgehog" */;
			buildPhases = (
				B99FE975211CF5970035780D /* Sources */,
				B99FE976211CF5970035780D /* Frameworks */,
				B99FE977211CF5970035780D /* Resources */,
			);
			buildRules = (
			);
			dependencies = (
			);
			name = Hedgehog;
			productName = Hedgehog;
			productReference = B99FE979211CF5970035780D /* Hedgehog.app */;
			productType = "com.apple.product-type.application";
		};
		B99FE98C211CF5980035780D /* HedgehogTests */ = {
			isa = PBXNativeTarget;
			buildConfigurationList = B99FE9A4211CF5980035780D /* Build configuration list for PBXNativeTarget "HedgehogTests" */;
			buildPhases = (
				B99FE989211CF5980035780D /* Sources */,
				B99FE98A211CF5980035780D /* Frameworks */,
				B99FE98B211CF5980035780D /* Resources */,
			);
			buildRules = (
			);
			dependencies = (
				B99FE98F211CF5980035780D /* PBXTargetDependency */,
			);
			name = HedgehogTests;
			productName = HedgehogTests;
			productReference = B99FE98D211CF5980035780D /* HedgehogTests.xctest */;
			productType = "com.apple.product-type.bundle.unit-test";
		};
		B99FE997211CF5980035780D /* HedgehogUITests */ = {
			isa = PBXNativeTarget;
			buildConfigurationList = B99FE9A7211CF5980035780D /* Build configuration list for PBXNativeTarget "HedgehogUITests" */;
			buildPhases = (
				B99FE994211CF5980035780D /* Sources */,
				B99FE995211CF5980035780D /* Frameworks */,
				B99FE996211CF5980035780D /* Resources */,
			);
			buildRules = (
			);
			dependencies = (
				B99FE99A211CF5980035780D /* PBXTargetDependency */,
			);
			name = HedgehogUITests;
			productName = HedgehogUITests;
			productReference = B99FE998211CF5980035780D /* HedgehogUITests.xctest */;
			productType = "com.apple.product-type.bundle.ui-testing";
		};
/* End PBXNativeTarget section */

/* Begin PBXProject section */
		B99FE971211CF5970035780D /* Project object */ = {
			isa = PBXProject;
			attributes = {
				LastSwiftUpdateCheck = 0940;
				LastUpgradeCheck = 0940;
				ORGANIZATIONNAME = "Cooper Stainbrook";
				TargetAttributes = {
					B99FE978211CF5970035780D = {
						CreatedOnToolsVersion = 9.4.1;
					};
					B99FE98C211CF5980035780D = {
						CreatedOnToolsVersion = 9.4.1;
						TestTargetID = B99FE978211CF5970035780D;
					};
					B99FE997211CF5980035780D = {
						CreatedOnToolsVersion = 9.4.1;
						TestTargetID = B99FE978211CF5970035780D;
					};
				};
			};
			buildConfigurationList = B99FE974211CF5970035780D /* Build configuration list for PBXProject "Hedgehog" */;
			compatibilityVersion = "Xcode 9.3";
			developmentRegion = en;
			hasScannedForEncodings = 0;
			knownRegions = (
				en,
				Base,
			);
			mainGroup = B99FE970211CF5970035780D;
			productRefGroup = B99FE97A211CF5970035780D /* Products */;
			projectDirPath = "";
			projectRoot = "";
			targets = (
				B99FE978211CF5970035780D /* Hedgehog */,
				B99FE98C211CF5980035780D /* HedgehogTests */,
				B99FE997211CF5980035780D /* HedgehogUITests */,
			);
		};
/* End PBXProject section */

/* Begin PBXResourcesBuildPhase section */
		B99FE977211CF5970035780D /* Resources */ = {
			isa = PBXResourcesBuildPhase;
			buildActionMask = 2147483647;
			files = (
				B99FE987211CF5970035780D /* LaunchScreen.storyboard in Resources */,
				B99FE984211CF5970035780D /* Assets.xcassets in Resources */,
				B99FE982211CF5970035780D /* Main.storyboard in Resources */,
			);
			runOnlyForDeploymentPostprocessing = 0;
		};
		B99FE98B211CF5980035780D /* Resources */ = {
			isa = PBXResourcesBuildPhase;
			buildActionMask = 2147483647;
			files = (
			);
			runOnlyForDeploymentPostprocessing = 0;
		};
		B99FE996211CF5980035780D /* Resources */ = {
			isa = PBXResourcesBuildPhase;
			buildActionMask = 2147483647;
			files = (
			);
			runOnlyForDeploymentPostprocessing = 0;
		};
/* End PBXResourcesBuildPhase section */

/* Begin PBXSourcesBuildPhase section */
		B99FE975211CF5970035780D /* Sources */ = {
			isa = PBXSourcesBuildPhase;
			buildActionMask = 2147483647;
			files = (
				B99FE97F211CF5970035780D /* LockedinStationViewController.swift in Sources */,
				B94C498C212271000018DFC6 /* PumpingViewController.swift in Sources */,
				B931A93A21226E230024DF6B /* ConfirmUseViewController.swift in Sources */,
				B99FE97D211CF5970035780D /* AppDelegate.swift in Sources */,
				B94C498E212279DD0018DFC6 /* VerifyPurchaseViewController.swift in Sources */,
			);
			runOnlyForDeploymentPostprocessing = 0;
		};
		B99FE989211CF5980035780D /* Sources */ = {
			isa = PBXSourcesBuildPhase;
			buildActionMask = 2147483647;
			files = (
				B99FE992211CF5980035780D /* HedgehogTests.swift in Sources */,
			);
			runOnlyForDeploymentPostprocessing = 0;
		};
		B99FE994211CF5980035780D /* Sources */ = {
			isa = PBXSourcesBuildPhase;
			buildActionMask = 2147483647;
			files = (
				B99FE99D211CF5980035780D /* HedgehogUITests.swift in Sources */,
			);
			runOnlyForDeploymentPostprocessing = 0;
		};
/* End PBXSourcesBuildPhase section */

/* Begin PBXTargetDependency section */
		B99FE98F211CF5980035780D /* PBXTargetDependency */ = {
			isa = PBXTargetDependency;
			target = B99FE978211CF5970035780D /* Hedgehog */;
			targetProxy = B99FE98E211CF5980035780D /* PBXContainerItemProxy */;
		};
		B99FE99A211CF5980035780D /* PBXTargetDependency */ = {
			isa = PBXTargetDependency;
			target = B99FE978211CF5970035780D /* Hedgehog */;
			targetProxy = B99FE999211CF5980035780D /* PBXContainerItemProxy */;
		};
/* End PBXTargetDependency section */

/* Begin PBXVariantGroup section */
		B99FE980211CF5970035780D /* Main.storyboard */ = {
			isa = PBXVariantGroup;
			children = (
				B99FE981211CF5970035780D /* Base */,
			);
			name = Main.storyboard;
			sourceTree = "<group>";
		};
		B99FE985211CF5970035780D /* LaunchScreen.storyboard */ = {
			isa = PBXVariantGroup;
			children = (
				B99FE986211CF5970035780D /* Base */,
			);
			name = LaunchScreen.storyboard;
			sourceTree = "<group>";
		};
/* End PBXVariantGroup section */

/* Begin XCBuildConfiguration section */
		B99FE99F211CF5980035780D /* Debug */ = {
			isa = XCBuildConfiguration;
			buildSettings = {
				ALWAYS_SEARCH_USER_PATHS = NO;
				CLANG_ANALYZER_NONNULL = YES;
				CLANG_ANALYZER_NUMBER_OBJECT_CONVERSION = YES_AGGRESSIVE;
				CLANG_CXX_LANGUAGE_STANDARD = "gnu++14";
				CLANG_CXX_LIBRARY = "libc++";
				CLANG_ENABLE_MODULES = YES;
				CLANG_ENABLE_OBJC_ARC = YES;
				CLANG_ENABLE_OBJC_WEAK = YES;
				CLANG_WARN_BLOCK_CAPTURE_AUTORELEASING = YES;
				CLANG_WARN_BOOL_CONVERSION = YES;
				CLANG_WARN_COMMA = YES;
				CLANG_WARN_CONSTANT_CONVERSION = YES;
				CLANG_WARN_DEPRECATED_OBJC_IMPLEMENTATIONS = YES;
				CLANG_WARN_DIRECT_OBJC_ISA_USAGE = YES_ERROR;
				CLANG_WARN_DOCUMENTATION_COMMENTS = YES;
				CLANG_WARN_EMPTY_BODY = YES;
				CLANG_WARN_ENUM_CONVERSION = YES;
				CLANG_WARN_INFINITE_RECURSION = YES;
				CLANG_WARN_INT_CONVERSION = YES;
				CLANG_WARN_NON_LITERAL_NULL_CONVERSION = YES;
				CLANG_WARN_OBJC_IMPLICIT_RETAIN_SELF = YES;
				CLANG_WARN_OBJC_LITERAL_CONVERSION = YES;
				CLANG_WARN_OBJC_ROOT_CLASS = YES_ERROR;
				CLANG_WARN_RANGE_LOOP_ANALYSIS = YES;
				CLANG_WARN_STRICT_PROTOTYPES = YES;
				CLANG_WARN_SUSPICIOUS_MOVE = YES;
				CLANG_WARN_UNGUARDED_AVAILABILITY = YES_AGGRESSIVE;
				CLANG_WARN_UNREACHABLE_CODE = YES;
				CLANG_WARN__DUPLICATE_METHOD_MATCH = YES;
				CODE_SIGN_IDENTITY = "iPhone Developer";
				COPY_PHASE_STRIP = NO;
				DEBUG_INFORMATION_FORMAT = dwarf;
				ENABLE_STRICT_OBJC_MSGSEND = YES;
				ENABLE_TESTABILITY = YES;
				GCC_C_LANGUAGE_STANDARD = gnu11;
				GCC_DYNAMIC_NO_PIC = NO;
				GCC_NO_COMMON_BLOCKS = YES;
				GCC_OPTIMIZATION_LEVEL = 0;
				GCC_PREPROCESSOR_DEFINITIONS = (
					"DEBUG=1",
					"$(inherited)",
				);
				GCC_WARN_64_TO_32_BIT_CONVERSION = YES;
				GCC_WARN_ABOUT_RETURN_TYPE = YES_ERROR;
				GCC_WARN_UNDECLARED_SELECTOR = YES;
				GCC_WARN_UNINITIALIZED_AUTOS = YES_AGGRESSIVE;
				GCC_WARN_UNUSED_FUNCTION = YES;
				GCC_WARN_UNUSED_VARIABLE = YES;
				IPHONEOS_DEPLOYMENT_TARGET = 11.4;
				MTL_ENABLE_DEBUG_INFO = YES;
				ONLY_ACTIVE_ARCH = YES;
				SDKROOT = iphoneos;
				SWIFT_ACTIVE_COMPILATION_CONDITIONS = DEBUG;
				SWIFT_OPTIMIZATION_LEVEL = "-Onone";
			};
			name = Debug;
		};
		B99FE9A0211CF5980035780D /* Release */ = {
			isa = XCBuildConfiguration;
			buildSettings = {
				ALWAYS_SEARCH_USER_PATHS = NO;
				CLANG_ANALYZER_NONNULL = YES;
				CLANG_ANALYZER_NUMBER_OBJECT_CONVERSION = YES_AGGRESSIVE;
				CLANG_CXX_LANGUAGE_STANDARD = "gnu++14";
				CLANG_CXX_LIBRARY = "libc++";
				CLANG_ENABLE_MODULES = YES;
				CLANG_ENABLE_OBJC_ARC = YES;
				CLANG_ENABLE_OBJC_WEAK = YES;
				CLANG_WARN_BLOCK_CAPTURE_AUTORELEASING = YES;
				CLANG_WARN_BOOL_CONVERSION = YES;
				CLANG_WARN_COMMA = YES;
				CLANG_WARN_CONSTANT_CONVERSION = YES;
				CLANG_WARN_DEPRECATED_OBJC_IMPLEMENTATIONS = YES;
				CLANG_WARN_DIRECT_OBJC_ISA_USAGE = YES_ERROR;
				CLANG_WARN_DOCUMENTATION_COMMENTS = YES;
				CLANG_WARN_EMPTY_BODY = YES;
				CLANG_WARN_ENUM_CONVERSION = YES;
				CLANG_WARN_INFINITE_RECURSION = YES;
				CLANG_WARN_INT_CONVERSION = YES;
				CLANG_WARN_NON_LITERAL_NULL_CONVERSION = YES;
				CLANG_WARN_OBJC_IMPLICIT_RETAIN_SELF = YES;
				CLANG_WARN_OBJC_LITERAL_CONVERSION = YES;
				CLANG_WARN_OBJC_ROOT_CLASS = YES_ERROR;
				CLANG_WARN_RANGE_LOOP_ANALYSIS = YES;
				CLANG_WARN_STRICT_PROTOTYPES = YES;
				CLANG_WARN_SUSPICIOUS_MOVE = YES;
				CLANG_WARN_UNGUARDED_AVAILABILITY = YES_AGGRESSIVE;
				CLANG_WARN_UNREACHABLE_CODE = YES;
				CLANG_WARN__DUPLICATE_METHOD_MATCH = YES;
				CODE_SIGN_IDENTITY = "iPhone Developer";
				COPY_PHASE_STRIP = NO;
				DEBUG_INFORMATION_FORMAT = "dwarf-with-dsym";
				ENABLE_NS_ASSERTIONS = NO;
				ENABLE_STRICT_OBJC_MSGSEND = YES;
				GCC_C_LANGUAGE_STANDARD = gnu11;
				GCC_NO_COMMON_BLOCKS = YES;
				GCC_WARN_64_TO_32_BIT_CONVERSION = YES;
				GCC_WARN_ABOUT_RETURN_TYPE = YES_ERROR;
				GCC_WARN_UNDECLARED_SELECTOR = YES;
				GCC_WARN_UNINITIALIZED_AUTOS = YES_AGGRESSIVE;
				GCC_WARN_UNUSED_FUNCTION = YES;
				GCC_WARN_UNUSED_VARIABLE = YES;
				IPHONEOS_DEPLOYMENT_TARGET = 11.4;
				MTL_ENABLE_DEBUG_INFO = NO;
				SDKROOT = iphoneos;
				SWIFT_COMPILATION_MODE = wholemodule;
				SWIFT_OPTIMIZATION_LEVEL = "-O";
				VALIDATE_PRODUCT = YES;
			};
			name = Release;
		};
		B99FE9A2211CF5980035780D /* Debug */ = {
			isa = XCBuildConfiguration;
			buildSettings = {
				ASSETCATALOG_COMPILER_APPICON_NAME = AppIcon;
				CODE_SIGN_STYLE = Automatic;
				DEVELOPMENT_TEAM = SPNB6DV4LU;
				INFOPLIST_FILE = Hedgehog/Info.plist;
				LD_RUNPATH_SEARCH_PATHS = (
					"$(inherited)",
					"@executable_path/Frameworks",
				);
				PRODUCT_BUNDLE_IDENTIFIER = hedgehog.Hedgehog;
				PRODUCT_NAME = "$(TARGET_NAME)";
				SWIFT_VERSION = 4.0;
				TARGETED_DEVICE_FAMILY = "1,2";
			};
			name = Debug;
		};
		B99FE9A3211CF5980035780D /* Release */ = {
			isa = XCBuildConfiguration;
			buildSettings = {
				ASSETCATALOG_COMPILER_APPICON_NAME = AppIcon;
				CODE_SIGN_STYLE = Automatic;
				DEVELOPMENT_TEAM = SPNB6DV4LU;
				INFOPLIST_FILE = Hedgehog/Info.plist;
				LD_RUNPATH_SEARCH_PATHS = (
					"$(inherited)",
					"@executable_path/Frameworks",
				);
				PRODUCT_BUNDLE_IDENTIFIER = hedgehog.Hedgehog;
				PRODUCT_NAME = "$(TARGET_NAME)";
				SWIFT_VERSION = 4.0;
				TARGETED_DEVICE_FAMILY = "1,2";
			};
			name = Release;
		};
		B99FE9A5211CF5980035780D /* Debug */ = {
			isa = XCBuildConfiguration;
			buildSettings = {
				ALWAYS_EMBED_SWIFT_STANDARD_LIBRARIES = YES;
				BUNDLE_LOADER = "$(TEST_HOST)";
				CODE_SIGN_STYLE = Automatic;
				INFOPLIST_FILE = HedgehogTests/Info.plist;
				LD_RUNPATH_SEARCH_PATHS = (
					"$(inherited)",
					"@executable_path/Frameworks",
					"@loader_path/Frameworks",
				);
				PRODUCT_BUNDLE_IDENTIFIER = hedgehog.HedgehogTests;
				PRODUCT_NAME = "$(TARGET_NAME)";
				SWIFT_VERSION = 4.0;
				TARGETED_DEVICE_FAMILY = "1,2";
				TEST_HOST = "$(BUILT_PRODUCTS_DIR)/Hedgehog.app/Hedgehog";
			};
			name = Debug;
		};
		B99FE9A6211CF5980035780D /* Release */ = {
			isa = XCBuildConfiguration;
			buildSettings = {
				ALWAYS_EMBED_SWIFT_STANDARD_LIBRARIES = YES;
				BUNDLE_LOADER = "$(TEST_HOST)";
				CODE_SIGN_STYLE = Automatic;
				INFOPLIST_FILE = HedgehogTests/Info.plist;
				LD_RUNPATH_SEARCH_PATHS = (
					"$(inherited)",
					"@executable_path/Frameworks",
					"@loader_path/Frameworks",
				);
				PRODUCT_BUNDLE_IDENTIFIER = hedgehog.HedgehogTests;
				PRODUCT_NAME = "$(TARGET_NAME)";
				SWIFT_VERSION = 4.0;
				TARGETED_DEVICE_FAMILY = "1,2";
				TEST_HOST = "$(BUILT_PRODUCTS_DIR)/Hedgehog.app/Hedgehog";
			};
			name = Release;
		};
		B99FE9A8211CF5980035780D /* Debug */ = {
			isa = XCBuildConfiguration;
			buildSettings = {
				ALWAYS_EMBED_SWIFT_STANDARD_LIBRARIES = YES;
				CODE_SIGN_STYLE = Automatic;
				INFOPLIST_FILE = HedgehogUITests/Info.plist;
				LD_RUNPATH_SEARCH_PATHS = (
					"$(inherited)",
					"@executable_path/Frameworks",
					"@loader_path/Frameworks",
				);
				PRODUCT_BUNDLE_IDENTIFIER = hedgehog.HedgehogUITests;
				PRODUCT_NAME = "$(TARGET_NAME)";
				SWIFT_VERSION = 4.0;
				TARGETED_DEVICE_FAMILY = "1,2";
				TEST_TARGET_NAME = Hedgehog;
			};
			name = Debug;
		};
		B99FE9A9211CF5980035780D /* Release */ = {
			isa = XCBuildConfiguration;
			buildSettings = {
				ALWAYS_EMBED_SWIFT_STANDARD_LIBRARIES = YES;
				CODE_SIGN_STYLE = Automatic;
				INFOPLIST_FILE = HedgehogUITests/Info.plist;
				LD_RUNPATH_SEARCH_PATHS = (
					"$(inherited)",
					"@executable_path/Frameworks",
					"@loader_path/Frameworks",
				);
				PRODUCT_BUNDLE_IDENTIFIER = hedgehog.HedgehogUITests;
				PRODUCT_NAME = "$(TARGET_NAME)";
				SWIFT_VERSION = 4.0;
				TARGETED_DEVICE_FAMILY = "1,2";
				TEST_TARGET_NAME = Hedgehog;
			};
			name = Release;
		};
/* End XCBuildConfiguration section */

/* Begin XCConfigurationList section */
		B99FE974211CF5970035780D /* Build configuration list for PBXProject "Hedgehog" */ = {
			isa = XCConfigurationList;
			buildConfigurations = (
				B99FE99F211CF5980035780D /* Debug */,
				B99FE9A0211CF5980035780D /* Release */,
			);
			defaultConfigurationIsVisible = 0;
			defaultConfigurationName = Release;
		};
		B99FE9A1211CF5980035780D /* Build configuration list for PBXNativeTarget "Hedgehog" */ = {
			isa = XCConfigurationList;
			buildConfigurations = (
				B99FE9A2211CF5980035780D /* Debug */,
				B99FE9A3211CF5980035780D /* Release */,
			);
			defaultConfigurationIsVisible = 0;
			defaultConfigurationName = Release;
		};
		B99FE9A4211CF5980035780D /* Build configuration list for PBXNativeTarget "HedgehogTests" */ = {
			isa = XCConfigurationList;
			buildConfigurations = (
				B99FE9A5211CF5980035780D /* Debug */,
				B99FE9A6211CF5980035780D /* Release */,
			);
			defaultConfigurationIsVisible = 0;
			defaultConfigurationName = Release;
		};
		B99FE9A7211CF5980035780D /* Build configuration list for PBXNativeTarget "HedgehogUITests" */ = {
			isa = XCConfigurationList;
			buildConfigurations = (
				B99FE9A8211CF5980035780D /* Debug */,
				B99FE9A9211CF5980035780D /* Release */,
			);
			defaultConfigurationIsVisible = 0;
			defaultConfigurationName = Release;
		};
/* End XCConfigurationList section */
	};
	rootObject = B99FE971211CF5970035780D /* Project object */;
}
